// !$*UTF8*$!
{
	archiveVersion = 1;
	classes = {
	};
	objectVersion = 46;
	objects = {

/* Begin PBXBuildFile section */
		2438D8F31C1F74A600DFB206 /* AppDelegate.swift in Sources */ = {isa = PBXBuildFile; fileRef = 2438D8F21C1F74A600DFB206 /* AppDelegate.swift */; };
		2438D8F51C1F74A600DFB206 /* ViewController.swift in Sources */ = {isa = PBXBuildFile; fileRef = 2438D8F41C1F74A600DFB206 /* ViewController.swift */; };
		2438D8F81C1F74A600DFB206 /* Main.storyboard in Resources */ = {isa = PBXBuildFile; fileRef = 2438D8F61C1F74A600DFB206 /* Main.storyboard */; };
		2438D8FB1C1F74A600DFB206 /* Numero_Uno.xcdatamodeld in Sources */ = {isa = PBXBuildFile; fileRef = 2438D8F91C1F74A600DFB206 /* Numero_Uno.xcdatamodeld */; };
		2438D8FD1C1F74A600DFB206 /* Assets.xcassets in Resources */ = {isa = PBXBuildFile; fileRef = 2438D8FC1C1F74A600DFB206 /* Assets.xcassets */; };
		2438D9001C1F74A600DFB206 /* LaunchScreen.storyboard in Resources */ = {isa = PBXBuildFile; fileRef = 2438D8FE1C1F74A600DFB206 /* LaunchScreen.storyboard */; };
		2438D90B1C1F74A600DFB206 /* Numero_UnoTests.swift in Sources */ = {isa = PBXBuildFile; fileRef = 2438D90A1C1F74A600DFB206 /* Numero_UnoTests.swift */; };
		2438D9161C1F74A600DFB206 /* Numero_UnoUITests.swift in Sources */ = {isa = PBXBuildFile; fileRef = 2438D9151C1F74A600DFB206 /* Numero_UnoUITests.swift */; };
		2438D9231C207C9F00DFB206 /* ViewController.swift in Sources */ = {isa = PBXBuildFile; fileRef = 2438D8F41C1F74A600DFB206 /* ViewController.swift */; };
		2438D9251C207CC200DFB206 /* AppDefaults.swift in Sources */ = {isa = PBXBuildFile; fileRef = 2438D9241C207CC200DFB206 /* AppDefaults.swift */; };
		24F6004C1C20EBDA00097367 /* AppDefaults.swift in Sources */ = {isa = PBXBuildFile; fileRef = 2438D9241C207CC200DFB206 /* AppDefaults.swift */; };
/* End PBXBuildFile section */

/* Begin PBXContainerItemProxy section */
		2438D9071C1F74A600DFB206 /* PBXContainerItemProxy */ = {
			isa = PBXContainerItemProxy;
			containerPortal = 2438D8E71C1F74A600DFB206 /* Project object */;
			proxyType = 1;
			remoteGlobalIDString = 2438D8EE1C1F74A600DFB206;
			remoteInfo = "Numero Uno";
		};
		2438D9121C1F74A600DFB206 /* PBXContainerItemProxy */ = {
			isa = PBXContainerItemProxy;
			containerPortal = 2438D8E71C1F74A600DFB206 /* Project object */;
			proxyType = 1;
			remoteGlobalIDString = 2438D8EE1C1F74A600DFB206;
			remoteInfo = "Numero Uno";
		};
/* End PBXContainerItemProxy section */

/* Begin PBXFileReference section */
		2438D8EF1C1F74A600DFB206 /* Numero Uno.app */ = {isa = PBXFileReference; explicitFileType = wrapper.application; includeInIndex = 0; path = "Numero Uno.app"; sourceTree = BUILT_PRODUCTS_DIR; };
		2438D8F21C1F74A600DFB206 /* AppDelegate.swift */ = {isa = PBXFileReference; lastKnownFileType = sourcecode.swift; path = AppDelegate.swift; sourceTree = "<group>"; };
		2438D8F41C1F74A600DFB206 /* ViewController.swift */ = {isa = PBXFileReference; lastKnownFileType = sourcecode.swift; path = ViewController.swift; sourceTree = "<group>"; };
		2438D8F71C1F74A600DFB206 /* Base */ = {isa = PBXFileReference; lastKnownFileType = file.storyboard; name = Base; path = Base.lproj/Main.storyboard; sourceTree = "<group>"; };
		2438D8FA1C1F74A600DFB206 /* Numero_Uno.xcdatamodel */ = {isa = PBXFileReference; lastKnownFileType = wrapper.xcdatamodel; path = Numero_Uno.xcdatamodel; sourceTree = "<group>"; };
		2438D8FC1C1F74A600DFB206 /* Assets.xcassets */ = {isa = PBXFileReference; lastKnownFileType = folder.assetcatalog; path = Assets.xcassets; sourceTree = "<group>"; };
		2438D8FF1C1F74A600DFB206 /* Base */ = {isa = PBXFileReference; lastKnownFileType = file.storyboard; name = Base; path = Base.lproj/LaunchScreen.storyboard; sourceTree = "<group>"; };
		2438D9011C1F74A600DFB206 /* Info.plist */ = {isa = PBXFileReference; lastKnownFileType = text.plist.xml; path = Info.plist; sourceTree = "<group>"; };
		2438D9061C1F74A600DFB206 /* Numero UnoTests.xctest */ = {isa = PBXFileReference; explicitFileType = wrapper.cfbundle; includeInIndex = 0; path = "Numero UnoTests.xctest"; sourceTree = BUILT_PRODUCTS_DIR; };
		2438D90A1C1F74A600DFB206 /* Numero_UnoTests.swift */ = {isa = PBXFileReference; lastKnownFileType = sourcecode.swift; path = Numero_UnoTests.swift; sourceTree = "<group>"; };
		2438D90C1C1F74A600DFB206 /* Info.plist */ = {isa = PBXFileReference; lastKnownFileType = text.plist.xml; path = Info.plist; sourceTree = "<group>"; };
		2438D9111C1F74A600DFB206 /* Numero UnoUITests.xctest */ = {isa = PBXFileReference; explicitFileType = wrapper.cfbundle; includeInIndex = 0; path = "Numero UnoUITests.xctest"; sourceTree = BUILT_PRODUCTS_DIR; };
		2438D9151C1F74A600DFB206 /* Numero_UnoUITests.swift */ = {isa = PBXFileReference; lastKnownFileType = sourcecode.swift; path = Numero_UnoUITests.swift; sourceTree = "<group>"; };
		2438D9171C1F74A600DFB206 /* Info.plist */ = {isa = PBXFileReference; lastKnownFileType = text.plist.xml; path = Info.plist; sourceTree = "<group>"; };
		2438D9241C207CC200DFB206 /* AppDefaults.swift */ = {isa = PBXFileReference; fileEncoding = 4; lastKnownFileType = sourcecode.swift; path = AppDefaults.swift; sourceTree = "<group>"; };
/* End PBXFileReference section */

/* Begin PBXFrameworksBuildPhase section */
		2438D8EC1C1F74A600DFB206 /* Frameworks */ = {
			isa = PBXFrameworksBuildPhase;
			buildActionMask = 2147483647;
			files = (
			);
			runOnlyForDeploymentPostprocessing = 0;
		};
		2438D9031C1F74A600DFB206 /* Frameworks */ = {
			isa = PBXFrameworksBuildPhase;
			buildActionMask = 2147483647;
			files = (
			);
			runOnlyForDeploymentPostprocessing = 0;
		};
		2438D90E1C1F74A600DFB206 /* Frameworks */ = {
			isa = PBXFrameworksBuildPhase;
			buildActionMask = 2147483647;
			files = (
			);
			runOnlyForDeploymentPostprocessing = 0;
		};
/* End PBXFrameworksBuildPhase section */

/* Begin PBXGroup section */
		2438D8E61C1F74A600DFB206 = {
			isa = PBXGroup;
			children = (
				2438D8F11C1F74A600DFB206 /* Numero Uno */,
				2438D9091C1F74A600DFB206 /* Numero UnoTests */,
				2438D9141C1F74A600DFB206 /* Numero UnoUITests */,
				2438D8F01C1F74A600DFB206 /* Products */,
			);
			sourceTree = "<group>";
		};
		2438D8F01C1F74A600DFB206 /* Products */ = {
			isa = PBXGroup;
			children = (
				2438D8EF1C1F74A600DFB206 /* Numero Uno.app */,
				2438D9061C1F74A600DFB206 /* Numero UnoTests.xctest */,
				2438D9111C1F74A600DFB206 /* Numero UnoUITests.xctest */,
			);
			name = Products;
			sourceTree = "<group>";
		};
		2438D8F11C1F74A600DFB206 /* Numero Uno */ = {
			isa = PBXGroup;
			children = (
				2438D8F21C1F74A600DFB206 /* AppDelegate.swift */,
				2438D8F41C1F74A600DFB206 /* ViewController.swift */,
				2438D8F61C1F74A600DFB206 /* Main.storyboard */,
				2438D8FC1C1F74A600DFB206 /* Assets.xcassets */,
				2438D8FE1C1F74A600DFB206 /* LaunchScreen.storyboard */,
				2438D9011C1F74A600DFB206 /* Info.plist */,
				2438D8F91C1F74A600DFB206 /* Numero_Uno.xcdatamodeld */,
				2438D9241C207CC200DFB206 /* AppDefaults.swift */,
			);
			path = "Numero Uno";
			sourceTree = "<group>";
		};
		2438D9091C1F74A600DFB206 /* Numero UnoTests */ = {
			isa = PBXGroup;
			children = (
				2438D90A1C1F74A600DFB206 /* Numero_UnoTests.swift */,
				2438D90C1C1F74A600DFB206 /* Info.plist */,
			);
			path = "Numero UnoTests";
			sourceTree = "<group>";
		};
		2438D9141C1F74A600DFB206 /* Numero UnoUITests */ = {
			isa = PBXGroup;
			children = (
				2438D9151C1F74A600DFB206 /* Numero_UnoUITests.swift */,
				2438D9171C1F74A600DFB206 /* Info.plist */,
			);
			path = "Numero UnoUITests";
			sourceTree = "<group>";
		};
/* End PBXGroup section */

/* Begin PBXNativeTarget section */
		2438D8EE1C1F74A600DFB206 /* Numero Uno */ = {
			isa = PBXNativeTarget;
			buildConfigurationList = 2438D91A1C1F74A600DFB206 /* Build configuration list for PBXNativeTarget "Numero Uno" */;
			buildPhases = (
				2438D8EB1C1F74A600DFB206 /* Sources */,
				2438D8EC1C1F74A600DFB206 /* Frameworks */,
				2438D8ED1C1F74A600DFB206 /* Resources */,
			);
			buildRules = (
			);
			dependencies = (
			);
			name = "Numero Uno";
			productName = "Numero Uno";
			productReference = 2438D8EF1C1F74A600DFB206 /* Numero Uno.app */;
			productType = "com.apple.product-type.application";
		};
		2438D9051C1F74A600DFB206 /* Numero UnoTests */ = {
			isa = PBXNativeTarget;
			buildConfigurationList = 2438D91D1C1F74A600DFB206 /* Build configuration list for PBXNativeTarget "Numero UnoTests" */;
			buildPhases = (
				2438D9021C1F74A600DFB206 /* Sources */,
				2438D9031C1F74A600DFB206 /* Frameworks */,
				2438D9041C1F74A600DFB206 /* Resources */,
			);
			buildRules = (
			);
			dependencies = (
				2438D9081C1F74A600DFB206 /* PBXTargetDependency */,
			);
			name = "Numero UnoTests";
			productName = "Numero UnoTests";
			productReference = 2438D9061C1F74A600DFB206 /* Numero UnoTests.xctest */;
			productType = "com.apple.product-type.bundle.unit-test";
		};
		2438D9101C1F74A600DFB206 /* Numero UnoUITests */ = {
			isa = PBXNativeTarget;
			buildConfigurationList = 2438D9201C1F74A600DFB206 /* Build configuration list for PBXNativeTarget "Numero UnoUITests" */;
			buildPhases = (
				2438D90D1C1F74A600DFB206 /* Sources */,
				2438D90E1C1F74A600DFB206 /* Frameworks */,
				2438D90F1C1F74A600DFB206 /* Resources */,
			);
			buildRules = (
			);
			dependencies = (
				2438D9131C1F74A600DFB206 /* PBXTargetDependency */,
			);
			name = "Numero UnoUITests";
			productName = "Numero UnoUITests";
			productReference = 2438D9111C1F74A600DFB206 /* Numero UnoUITests.xctest */;
			productType = "com.apple.product-type.bundle.ui-testing";
		};
/* End PBXNativeTarget section */

/* Begin PBXProject section */
		2438D8E71C1F74A600DFB206 /* Project object */ = {
			isa = PBXProject;
			attributes = {
				LastSwiftUpdateCheck = 0720;
				LastUpgradeCheck = 0720;
				ORGANIZATIONNAME = LittlePlasticSquares;
				TargetAttributes = {
					2438D8EE1C1F74A600DFB206 = {
						CreatedOnToolsVersion = 7.2;
						DevelopmentTeam = RK8KUSS6D5;
					};
					2438D9051C1F74A600DFB206 = {
						CreatedOnToolsVersion = 7.2;
						TestTargetID = 2438D8EE1C1F74A600DFB206;
					};
					2438D9101C1F74A600DFB206 = {
						CreatedOnToolsVersion = 7.2;
						TestTargetID = 2438D8EE1C1F74A600DFB206;
					};
				};
			};
			buildConfigurationList = 2438D8EA1C1F74A600DFB206 /* Build configuration list for PBXProject "Numero Uno" */;
			compatibilityVersion = "Xcode 3.2";
			developmentRegion = English;
			hasScannedForEncodings = 0;
			knownRegions = (
				en,
				Base,
			);
			mainGroup = 2438D8E61C1F74A600DFB206;
			productRefGroup = 2438D8F01C1F74A600DFB206 /* Products */;
			projectDirPath = "";
			projectRoot = "";
			targets = (
				2438D8EE1C1F74A600DFB206 /* Numero Uno */,
				2438D9051C1F74A600DFB206 /* Numero UnoTests */,
				2438D9101C1F74A600DFB206 /* Numero UnoUITests */,
			);
		};
/* End PBXProject section */

/* Begin PBXResourcesBuildPhase section */
		2438D8ED1C1F74A600DFB206 /* Resources */ = {
			isa = PBXResourcesBuildPhase;
			buildActionMask = 2147483647;
			files = (
				2438D9001C1F74A600DFB206 /* LaunchScreen.storyboard in Resources */,
				2438D8FD1C1F74A600DFB206 /* Assets.xcassets in Resources */,
				2438D8F81C1F74A600DFB206 /* Main.storyboard in Resources */,
			);
			runOnlyForDeploymentPostprocessing = 0;
		};
		2438D9041C1F74A600DFB206 /* Resources */ = {
			isa = PBXResourcesBuildPhase;
			buildActionMask = 2147483647;
			files = (
			);
			runOnlyForDeploymentPostprocessing = 0;
		};
		2438D90F1C1F74A600DFB206 /* Resources */ = {
			isa = PBXResourcesBuildPhase;
			buildActionMask = 2147483647;
			files = (
			);
			runOnlyForDeploymentPostprocessing = 0;
		};
/* End PBXResourcesBuildPhase section */

/* Begin PBXSourcesBuildPhase section */
		2438D8EB1C1F74A600DFB206 /* Sources */ = {
			isa = PBXSourcesBuildPhase;
			buildActionMask = 2147483647;
			files = (
				2438D8FB1C1F74A600DFB206 /* Numero_Uno.xcdatamodeld in Sources */,
				2438D9251C207CC200DFB206 /* AppDefaults.swift in Sources */,
				2438D8F51C1F74A600DFB206 /* ViewController.swift in Sources */,
				2438D8F31C1F74A600DFB206 /* AppDelegate.swift in Sources */,
			);
			runOnlyForDeploymentPostprocessing = 0;
		};
		2438D9021C1F74A600DFB206 /* Sources */ = {
			isa = PBXSourcesBuildPhase;
			buildActionMask = 2147483647;
			files = (
				2438D90B1C1F74A600DFB206 /* Numero_UnoTests.swift in Sources */,
			);
			runOnlyForDeploymentPostprocessing = 0;
		};
		2438D90D1C1F74A600DFB206 /* Sources */ = {
			isa = PBXSourcesBuildPhase;
			buildActionMask = 2147483647;
			files = (
				2438D9231C207C9F00DFB206 /* ViewController.swift in Sources */,
				2438D9161C1F74A600DFB206 /* Numero_UnoUITests.swift in Sources */,
				24F6004C1C20EBDA00097367 /* AppDefaults.swift in Sources */,
			);
			runOnlyForDeploymentPostprocessing = 0;
		};
/* End PBXSourcesBuildPhase section */

/* Begin PBXTargetDependency section */
		2438D9081C1F74A600DFB206 /* PBXTargetDependency */ = {
			isa = PBXTargetDependency;
			target = 2438D8EE1C1F74A600DFB206 /* Numero Uno */;
			targetProxy = 2438D9071C1F74A600DFB206 /* PBXContainerItemProxy */;
		};
		2438D9131C1F74A600DFB206 /* PBXTargetDependency */ = {
			isa = PBXTargetDependency;
			target = 2438D8EE1C1F74A600DFB206 /* Numero Uno */;
			targetProxy = 2438D9121C1F74A600DFB206 /* PBXContainerItemProxy */;
		};
/* End PBXTargetDependency section */

/* Begin PBXVariantGroup section */
		2438D8F61C1F74A600DFB206 /* Main.storyboard */ = {
			isa = PBXVariantGroup;
			children = (
				2438D8F71C1F74A600DFB206 /* Base */,
			);
			name = Main.storyboard;
			sourceTree = "<group>";
		};
		2438D8FE1C1F74A600DFB206 /* LaunchScreen.storyboard */ = {
			isa = PBXVariantGroup;
			children = (
				2438D8FF1C1F74A600DFB206 /* Base */,
			);
			name = LaunchScreen.storyboard;
			sourceTree = "<group>";
		};
/* End PBXVariantGroup section */

/* Begin XCBuildConfiguration section */
		2438D9181C1F74A600DFB206 /* Debug */ = {
			isa = XCBuildConfiguration;
			buildSettings = {
				ALWAYS_SEARCH_USER_PATHS = NO;
				CLANG_CXX_LANGUAGE_STANDARD = "gnu++0x";
				CLANG_CXX_LIBRARY = "libc++";
				CLANG_ENABLE_MODULES = YES;
				CLANG_ENABLE_OBJC_ARC = YES;
				CLANG_WARN_BOOL_CONVERSION = YES;
				CLANG_WARN_CONSTANT_CONVERSION = YES;
				CLANG_WARN_DIRECT_OBJC_ISA_USAGE = YES_ERROR;
				CLANG_WARN_EMPTY_BODY = YES;
				CLANG_WARN_ENUM_CONVERSION = YES;
				CLANG_WARN_INT_CONVERSION = YES;
				CLANG_WARN_OBJC_ROOT_CLASS = YES_ERROR;
				CLANG_WARN_UNREACHABLE_CODE = YES;
				CLANG_WARN__DUPLICATE_METHOD_MATCH = YES;
				"CODE_SIGN_IDENTITY[sdk=iphoneos*]" = "iPhone Developer";
				COPY_PHASE_STRIP = NO;
				DEBUG_INFORMATION_FORMAT = dwarf;
				ENABLE_STRICT_OBJC_MSGSEND = YES;
				ENABLE_TESTABILITY = YES;
				GCC_C_LANGUAGE_STANDARD = gnu99;
				GCC_DYNAMIC_NO_PIC = NO;
				GCC_NO_COMMON_BLOCKS = YES;
				GCC_OPTIMIZATION_LEVEL = 0;
				GCC_PREPROCESSOR_DEFINITIONS = (
					"DEBUG=1",
					"$(inherited)",
				);
				GCC_WARN_64_TO_32_BIT_CONVERSION = YES;
				GCC_WARN_ABOUT_RETURN_TYPE = YES_ERROR;
				GCC_WARN_UNDECLARED_SELECTOR = YES;
				GCC_WARN_UNINITIALIZED_AUTOS = YES_AGGRESSIVE;
				GCC_WARN_UNUSED_FUNCTION = YES;
				GCC_WARN_UNUSED_VARIABLE = YES;
				IPHONEOS_DEPLOYMENT_TARGET = 9.2;
				MTL_ENABLE_DEBUG_INFO = YES;
				ONLY_ACTIVE_ARCH = YES;
				SDKROOT = iphoneos;
				SWIFT_OPTIMIZATION_LEVEL = "-Onone";
				TARGETED_DEVICE_FAMILY = "1,2";
			};
			name = Debug;
		};
		2438D9191C1F74A600DFB206 /* Release */ = {
			isa = XCBuildConfiguration;
			buildSettings = {
				ALWAYS_SEARCH_USER_PATHS = NO;
				CLANG_CXX_LANGUAGE_STANDARD = "gnu++0x";
				CLANG_CXX_LIBRARY = "libc++";
				CLANG_ENABLE_MODULES = YES;
				CLANG_ENABLE_OBJC_ARC = YES;
				CLANG_WARN_BOOL_CONVERSION = YES;
				CLANG_WARN_CONSTANT_CONVERSION = YES;
				CLANG_WARN_DIRECT_OBJC_ISA_USAGE = YES_ERROR;
				CLANG_WARN_EMPTY_BODY = YES;
				CLANG_WARN_ENUM_CONVERSION = YES;
				CLANG_WARN_INT_CONVERSION = YES;
				CLANG_WARN_OBJC_ROOT_CLASS = YES_ERROR;
				CLANG_WARN_UNREACHABLE_CODE = YES;
				CLANG_WARN__DUPLICATE_METHOD_MATCH = YES;
				"CODE_SIGN_IDENTITY[sdk=iphoneos*]" = "iPhone Developer";
				COPY_PHASE_STRIP = NO;
				DEBUG_INFORMATION_FORMAT = "dwarf-with-dsym";
				ENABLE_NS_ASSERTIONS = NO;
				ENABLE_STRICT_OBJC_MSGSEND = YES;
				GCC_C_LANGUAGE_STANDARD = gnu99;
				GCC_NO_COMMON_BLOCKS = YES;
				GCC_WARN_64_TO_32_BIT_CONVERSION = YES;
				GCC_WARN_ABOUT_RETURN_TYPE = YES_ERROR;
				GCC_WARN_UNDECLARED_SELECTOR = YES;
				GCC_WARN_UNINITIALIZED_AUTOS = YES_AGGRESSIVE;
				GCC_WARN_UNUSED_FUNCTION = YES;
				GCC_WARN_UNUSED_VARIABLE = YES;
				IPHONEOS_DEPLOYMENT_TARGET = 9.2;
				MTL_ENABLE_DEBUG_INFO = NO;
				SDKROOT = iphoneos;
				TARGETED_DEVICE_FAMILY = "1,2";
				VALIDATE_PRODUCT = YES;
			};
			name = Release;
		};
		2438D91B1C1F74A600DFB206 /* Debug */ = {
			isa = XCBuildConfiguration;
			buildSettings = {
				ASSETCATALOG_COMPILER_APPICON_NAME = AppIcon;
				CODE_SIGN_IDENTITY = "iPhone Developer";
				"CODE_SIGN_IDENTITY[sdk=iphoneos*]" = "iPhone Developer";
				INFOPLIST_FILE = "Numero Uno/Info.plist";
				LD_RUNPATH_SEARCH_PATHS = "$(inherited) @executable_path/Frameworks";
				PRODUCT_BUNDLE_IDENTIFIER = "com.littleplasticsquares.Numero-Uno";
				PRODUCT_NAME = "$(TARGET_NAME)";
				PROVISIONING_PROFILE = "";
			};
			name = Debug;
		};
		2438D91C1C1F74A600DFB206 /* Release */ = {
			isa = XCBuildConfiguration;
			buildSettings = {
				ASSETCATALOG_COMPILER_APPICON_NAME = AppIcon;
				CODE_SIGN_IDENTITY = "iPhone Developer";
				"CODE_SIGN_IDENTITY[sdk=iphoneos*]" = "iPhone Developer";
				INFOPLIST_FILE = "Numero Uno/Info.plist";
				LD_RUNPATH_SEARCH_PATHS = "$(inherited) @executable_path/Frameworks";
				PRODUCT_BUNDLE_IDENTIFIER = "com.littleplasticsquares.Numero-Uno";
				PRODUCT_NAME = "$(TARGET_NAME)";
				PROVISIONING_PROFILE = "";
			};
			name = Release;
		};
		2438D91E1C1F74A600DFB206 /* Debug */ = {
			isa = XCBuildConfiguration;
			buildSettings = {
				BUNDLE_LOADER = "$(TEST_HOST)";
				INFOPLIST_FILE = "Numero UnoTests/Info.plist";
				LD_RUNPATH_SEARCH_PATHS = "$(inherited) @executable_path/Frameworks @loader_path/Frameworks";
				PRODUCT_BUNDLE_IDENTIFIER = "com.littleplasticsquares.Numero-UnoTests";
				PRODUCT_NAME = "$(TARGET_NAME)";
				TEST_HOST = "$(BUILT_PRODUCTS_DIR)/Numero Uno.app/Numero Uno";
			};
			name = Debug;
		};
		2438D91F1C1F74A600DFB206 /* Release */ = {
			isa = XCBuildConfiguration;
			buildSettings = {
				BUNDLE_LOADER = "$(TEST_HOST)";
				INFOPLIST_FILE = "Numero UnoTests/Info.plist";
				LD_RUNPATH_SEARCH_PATHS = "$(inherited) @executable_path/Frameworks @loader_path/Frameworks";
				PRODUCT_BUNDLE_IDENTIFIER = "com.littleplasticsquares.Numero-UnoTests";
				PRODUCT_NAME = "$(TARGET_NAME)";
				TEST_HOST = "$(BUILT_PRODUCTS_DIR)/Numero Uno.app/Numero Uno";
			};
			name = Release;
		};
		2438D9211C1F74A600DFB206 /* Debug */ = {
			isa = XCBuildConfiguration;
			buildSettings = {
				INFOPLIST_FILE = "Numero UnoUITests/Info.plist";
				LD_RUNPATH_SEARCH_PATHS = "$(inherited) @executable_path/Frameworks @loader_path/Frameworks";
				PRODUCT_BUNDLE_IDENTIFIER = "com.littleplasticsquares.Numero-UnoUITests";
				PRODUCT_NAME = "$(TARGET_NAME)";
				TEST_TARGET_NAME = "Numero Uno";
				USES_XCTRUNNER = YES;
			};
			name = Debug;
		};
		2438D9221C1F74A600DFB206 /* Release */ = {
			isa = XCBuildConfiguration;
			buildSettings = {
				INFOPLIST_FILE = "Numero UnoUITests/Info.plist";
				LD_RUNPATH_SEARCH_PATHS = "$(inherited) @executable_path/Frameworks @loader_path/Frameworks";
				PRODUCT_BUNDLE_IDENTIFIER = "com.littleplasticsquares.Numero-UnoUITests";
				PRODUCT_NAME = "$(TARGET_NAME)";
				TEST_TARGET_NAME = "Numero Uno";
				USES_XCTRUNNER = YES;
			};
			name = Release;
		};
/* End XCBuildConfiguration section */

/* Begin XCConfigurationList section */
		2438D8EA1C1F74A600DFB206 /* Build configuration list for PBXProject "Numero Uno" */ = {
			isa = XCConfigurationList;
			buildConfigurations = (
				2438D9181C1F74A600DFB206 /* Debug */,
				2438D9191C1F74A600DFB206 /* Release */,
			);
			defaultConfigurationIsVisible = 0;
			defaultConfigurationName = Release;
		};
		2438D91A1C1F74A600DFB206 /* Build configuration list for PBXNativeTarget "Numero Uno" */ = {
			isa = XCConfigurationList;
			buildConfigurations = (
				2438D91B1C1F74A600DFB206 /* Debug */,
				2438D91C1C1F74A600DFB206 /* Release */,
			);
			defaultConfigurationIsVisible = 0;
			defaultConfigurationName = Release;
		};
		2438D91D1C1F74A600DFB206 /* Build configuration list for PBXNativeTarget "Numero UnoTests" */ = {
			isa = XCConfigurationList;
			buildConfigurations = (
				2438D91E1C1F74A600DFB206 /* Debug */,
				2438D91F1C1F74A600DFB206 /* Release */,
			);
			defaultConfigurationIsVisible = 0;
			defaultConfigurationName = Release;
		};
		2438D9201C1F74A600DFB206 /* Build configuration list for PBXNativeTarget "Numero UnoUITests" */ = {
			isa = XCConfigurationList;
			buildConfigurations = (
				2438D9211C1F74A600DFB206 /* Debug */,
				2438D9221C1F74A600DFB206 /* Release */,
			);
			defaultConfigurationIsVisible = 0;
			defaultConfigurationName = Release;
		};
/* End XCConfigurationList section */

/* Begin XCVersionGroup section */
		2438D8F91C1F74A600DFB206 /* Numero_Uno.xcdatamodeld */ = {
			isa = XCVersionGroup;
			children = (
				2438D8FA1C1F74A600DFB206 /* Numero_Uno.xcdatamodel */,
			);
			currentVersion = 2438D8FA1C1F74A600DFB206 /* Numero_Uno.xcdatamodel */;
			path = Numero_Uno.xcdatamodeld;
			sourceTree = "<group>";
			versionGroupType = wrapper.xcdatamodel;
		};
/* End XCVersionGroup section */
	};
	rootObject = 2438D8E71C1F74A600DFB206 /* Project object */;
}
